
Microsoft Visual Studio Solution File, Format Version 12.00
# Visual Studio 15
VisualStudioVersion = 15.0.27130.2010
Project("{FAE04EC0-301F-11D3-BF4B-00C04F79EFBC}") = "FunFair.Test.Common", "FunFair.Test.Common\FunFair.Test.Common.csproj", "{7187055E-EE5E-4A86-A342-6BE4DB8B4A7A}"
EndProject
Project("{FAE04EC0-301F-11D3-BF4B-00C04F79EFBC}") = "FunFair.Test.Common.Tests", "FunFair.Test.Common.Tests\FunFair.Test.Common.Tests.csproj", "{F77B61FD-5E00-4B9E-8268-ECF69C7BB58D}"
EndProject
Project("{2150E333-8FDC-42A3-9474-1A3956D46DE8}") = "Config", "Config", "{2B2A6D38-51F7-46EC-8C86-430B25B87392}"
ProjectSection(SolutionItems) = preProject
	CodeAnalysis.ruleset = CodeAnalysis.ruleset
	global.json = global.json
	..\CHANGELOG.md = ..\CHANGELOG.md
	..\README.md = ..\README.md
	FunFair.props = FunFair.props
EndProjectSection
EndProject
Global
	GlobalSection(SolutionConfigurationPlatforms) = preSolution
		Debug|Any CPU = Debug|Any CPU
		Release|Any CPU = Release|Any CPU
	EndGlobalSection
	GlobalSection(ProjectConfigurationPlatforms) = postSolution
		{7187055E-EE5E-4A86-A342-6BE4DB8B4A7A}.Debug|Any CPU.ActiveCfg = Debug|Any CPU
		{7187055E-EE5E-4A86-A342-6BE4DB8B4A7A}.Debug|Any CPU.Build.0 = Debug|Any CPU
		{7187055E-EE5E-4A86-A342-6BE4DB8B4A7A}.Release|Any CPU.ActiveCfg = Release|Any CPU
		{7187055E-EE5E-4A86-A342-6BE4DB8B4A7A}.Release|Any CPU.Build.0 = Release|Any CPU
		{F77B61FD-5E00-4B9E-8268-ECF69C7BB58D}.Debug|Any CPU.ActiveCfg = Debug|Any CPU
		{F77B61FD-5E00-4B9E-8268-ECF69C7BB58D}.Debug|Any CPU.Build.0 = Debug|Any CPU
		{F77B61FD-5E00-4B9E-8268-ECF69C7BB58D}.Release|Any CPU.ActiveCfg = Release|Any CPU
		{F77B61FD-5E00-4B9E-8268-ECF69C7BB58D}.Release|Any CPU.Build.0 = Release|Any CPU
	EndGlobalSection
	GlobalSection(SolutionProperties) = preSolution
		HideSolutionNode = FALSE
	EndGlobalSection
	GlobalSection(ExtensibilityGlobals) = postSolution
		SolutionGuid = {AA0DBCA1-ECA6-40E3-9262-642370E34B5A}
	EndGlobalSection
EndGlobal
